PODS:
  - Expecta (1.0.6)
  - OCHamcrest (4.3.0)
  - OCMockito (1.4.0):
    - OCHamcrest (~> 4.0)
  - Specta (0.2.1)
  - StateKit (0.2.0)

DEPENDENCIES:
  - Expecta
  - OCMockito (~> 1.0)
  - Specta (~> 0.2.1)
  - StateKit (from `../`)

EXTERNAL SOURCES:
  StateKit:
    :path: ../

SPEC CHECKSUMS:
  Expecta: 3b6bd90a64b9a1dcb0b70aa0e10a7f8f631667d5
  OCHamcrest: cd63d27f48a266d4412c0b295b01b8f0940efa81
  OCMockito: 4981140c9a9ec06c31af40f636e3c0f25f27e6b2
  Specta: 15a276a6343867b426d5ed135d5aa4d04123a573
  StateKit: 388fcae899aa3ec0078d0b7e79866d33ff6dd6b4

PODFILE CHECKSUM: 06558456d9da2ef36a691a5bb4bf298aa4343dfd

COCOAPODS: 1.3.1
